
Microsoft Visual Studio Solution File, Format Version 11.00
# Visual Studio 2010
Project("{8BC9CEB8-8B4A-11D0-8D11-00A0C91BC942}") = "6006021611062_homework_chapter2", "6006021611062_homework_chapter2\6006021611062_homework_chapter2.vcxproj", "{6C417F28-FAD5-458D-A097-B887F0E33D91}"
EndProject
Global
	GlobalSection(SolutionConfigurationPlatforms) = preSolution
		Debug|Win32 = Debug|Win32
		Release|Win32 = Release|Win32
	EndGlobalSection
	GlobalSection(ProjectConfigurationPlatforms) = postSolution
		{6C417F28-FAD5-458D-A097-B887F0E33D91}.Debug|Win32.ActiveCfg = Debug|Win32
		{6C417F28-FAD5-458D-A097-B887F0E33D91}.Debug|Win32.Build.0 = Debug|Win32
		{6C417F28-FAD5-458D-A097-B887F0E33D91}.Release|Win32.ActiveCfg = Release|Win32
		{6C417F28-FAD5-458D-A097-B887F0E33D91}.Release|Win32.Build.0 = Release|Win32
	EndGlobalSection
	GlobalSection(SolutionProperties) = preSolution
		HideSolutionNode = FALSE
	EndGlobalSection
EndGlobal
